{
  "version": 4,
  "terraform_version": "1.5.4",
  "serial": 355,
  "lineage": "06e8dbe3-18ce-0477-808b-1108e14be5a8",
  "outputs": {
    "jumpbox_public_ip": {
      "value": "20.236.3.18",
      "type": "string"
    }
  },
  "resources": [
    {
      "mode": "managed",
      "type": "azurerm_resource_group",
      "name": "rg",
      "provider": "provider[\"registry.terraform.io/hashicorp/azurerm\"]",
      "instances": [
        {
          "schema_version": 0,
          "attributes": {
            "id": "/subscriptions/f5cdbf92-abd6-4e78-ad23-e0593e9536e6/resourceGroups/ntier-iaas-rg",
            "location": "westus2",
            "managed_by": "",
            "name": "ntier-iaas-rg",
            "tags": {},
            "timeouts": null
          },
          "sensitive_attributes": [],
          "private": "eyJlMmJmYjczMC1lY2FhLTExZTYtOGY4OC0zNDM2M2JjN2M0YzAiOnsiY3JlYXRlIjo1NDAwMDAwMDAwMDAwLCJkZWxldGUiOjU0MDAwMDAwMDAwMDAsInJlYWQiOjMwMDAwMDAwMDAwMCwidXBkYXRlIjo1NDAwMDAwMDAwMDAwfX0="
        }
      ]
    },
    {
      "module": "module.business_tier",
      "mode": "managed",
      "type": "azurerm_linux_virtual_machine_scale_set",
      "name": "business_vmss",
      "provider": "provider[\"registry.terraform.io/hashicorp/azurerm\"]",
      "instances": [
        {
          "schema_version": 0,
          "attributes": {
            "additional_capabilities": [],
            "admin_password": "ZAQ!XSW@cde3",
            "admin_ssh_key": [],
            "admin_username": "azureuser",
            "automatic_instance_repair": [
              {
                "enabled": false,
                "grace_period": "PT30M"
              }
            ],
            "automatic_os_upgrade_policy": [],
            "boot_diagnostics": [],
            "capacity_reservation_group_id": "",
            "computer_name_prefix": "ntier-iaas-business-vmss",
            "custom_data": null,
            "data_disk": [],
            "disable_password_authentication": false,
            "do_not_run_extensions_on_overprovisioned_machines": false,
            "edge_zone": "",
            "encryption_at_host_enabled": false,
            "eviction_policy": "",
            "extension": [],
            "extension_operations_enabled": true,
            "extensions_time_budget": "PT1H30M",
            "gallery_application": [],
            "gallery_applications": [],
            "health_probe_id": "",
            "host_group_id": null,
            "id": "/subscriptions/f5cdbf92-abd6-4e78-ad23-e0593e9536e6/resourceGroups/ntier-iaas-rg/providers/Microsoft.Compute/virtualMachineScaleSets/ntier-iaas-business-vmss",
            "identity": [],
            "instances": 1,
            "location": "westus2",
            "max_bid_price": -1,
            "name": "ntier-iaas-business-vmss",
            "network_interface": [
              {
                "dns_servers": [],
                "enable_accelerated_networking": false,
                "enable_ip_forwarding": false,
                "ip_configuration": [
                  {
                    "application_gateway_backend_address_pool_ids": [],
                    "application_security_group_ids": [],
                    "load_balancer_backend_address_pool_ids": [
                      "/subscriptions/f5cdbf92-abd6-4e78-ad23-e0593e9536e6/resourceGroups/ntier-iaas-rg/providers/Microsoft.Network/loadBalancers/ntier-iaasweb-biz-lb/backendAddressPools/bepool"
                    ],
                    "load_balancer_inbound_nat_rules_ids": [],
                    "name": "internal",
                    "primary": true,
                    "public_ip_address": [],
                    "subnet_id": "/subscriptions/f5cdbf92-abd6-4e78-ad23-e0593e9536e6/resourceGroups/ntier-iaas-rg/providers/Microsoft.Network/virtualNetworks/ntier-iaas-vnet/subnets/ntier-iaas-BusinessSubnet",
                    "version": "IPv4"
                  }
                ],
                "name": "business-vmss-nic",
                "network_security_group_id": "",
                "primary": true
              }
            ],
            "os_disk": [
              {
                "caching": "ReadWrite",
                "diff_disk_settings": [],
                "disk_encryption_set_id": "",
                "disk_size_gb": 30,
                "secure_vm_disk_encryption_set_id": "",
                "security_encryption_type": "",
                "storage_account_type": "Standard_LRS",
                "write_accelerator_enabled": false
              }
            ],
            "overprovision": true,
            "plan": [],
            "platform_fault_domain_count": 5,
            "priority": "Regular",
            "provision_vm_agent": true,
            "proximity_placement_group_id": "",
            "resource_group_name": "ntier-iaas-rg",
            "rolling_upgrade_policy": [],
            "scale_in": [
              {
                "force_deletion_enabled": false,
                "rule": "Default"
              }
            ],
            "scale_in_policy": "Default",
            "secret": [],
            "secure_boot_enabled": false,
            "single_placement_group": true,
            "sku": "Standard_F2",
            "source_image_id": "",
            "source_image_reference": [
              {
                "offer": "0001-com-ubuntu-server-focal",
                "publisher": "Canonical",
                "sku": "20_04-lts",
                "version": "latest"
              }
            ],
            "spot_restore": [],
            "tags": {},
            "terminate_notification": [],
            "termination_notification": [],
            "timeouts": null,
            "unique_id": "68063f09-6259-45ba-9426-5164122cd8af",
            "upgrade_mode": "Manual",
            "user_data": "",
            "vtpm_enabled": false,
            "zone_balance": true,
            "zones": [
              "1",
              "2",
              "3"
            ]
          },
          "sensitive_attributes": [],
          "private": "eyJlMmJmYjczMC1lY2FhLTExZTYtOGY4OC0zNDM2M2JjN2M0YzAiOnsiY3JlYXRlIjozNjAwMDAwMDAwMDAwLCJkZWxldGUiOjM2MDAwMDAwMDAwMDAsInJlYWQiOjMwMDAwMDAwMDAwMCwidXBkYXRlIjozNjAwMDAwMDAwMDAwfX0=",
          "dependencies": [
            "azurerm_resource_group.rg",
            "module.load-balancing.azurerm_lb.web_biz_lb",
            "module.load-balancing.azurerm_lb_backend_address_pool.web_biz_lb",
            "module.network.azurerm_subnet.business_subnet",
            "module.network.azurerm_subnet.web_subnet",
            "module.network.azurerm_virtual_network.vnet"
          ]
        }
      ]
    },
    {
      "module": "module.business_tier",
      "mode": "managed",
      "type": "azurerm_monitor_autoscale_setting",
      "name": "business_scale_rule",
      "provider": "provider[\"registry.terraform.io/hashicorp/azurerm\"]",
      "instances": [
        {
          "schema_version": 2,
          "attributes": {
            "enabled": true,
            "id": "/subscriptions/f5cdbf92-abd6-4e78-ad23-e0593e9536e6/resourceGroups/ntier-iaas-rg/providers/Microsoft.Insights/autoScaleSettings/ntier-iaas-business-autoscale-config",
            "location": "westus2",
            "name": "ntier-iaas-business-autoscale-config",
            "notification": [],
            "predictive": [],
            "profile": [
              {
                "capacity": [
                  {
                    "default": 2,
                    "maximum": 5,
                    "minimum": 1
                  }
                ],
                "fixed_date": [],
                "name": "businessAutoScale",
                "recurrence": [],
                "rule": [
                  {
                    "metric_trigger": [
                      {
                        "dimensions": [],
                        "divide_by_instance_count": false,
                        "metric_name": "Percentage CPU",
                        "metric_namespace": "",
                        "metric_resource_id": "/subscriptions/f5cdbf92-abd6-4e78-ad23-e0593e9536e6/resourceGroups/ntier-iaas-rg/providers/Microsoft.Compute/virtualMachineScaleSets/ntier-iaas-business-vmss",
                        "operator": "GreaterThan",
                        "statistic": "Average",
                        "threshold": 80,
                        "time_aggregation": "Average",
                        "time_grain": "PT1M",
                        "time_window": "PT5M"
                      }
                    ],
                    "scale_action": [
                      {
                        "cooldown": "PT1M",
                        "direction": "Increase",
                        "type": "ChangeCount",
                        "value": 1
                      }
                    ]
                  },
                  {
                    "metric_trigger": [
                      {
                        "dimensions": [],
                        "divide_by_instance_count": false,
                        "metric_name": "Percentage CPU",
                        "metric_namespace": "",
                        "metric_resource_id": "/subscriptions/f5cdbf92-abd6-4e78-ad23-e0593e9536e6/resourceGroups/ntier-iaas-rg/providers/Microsoft.Compute/virtualMachineScaleSets/ntier-iaas-business-vmss",
                        "operator": "LessThan",
                        "statistic": "Average",
                        "threshold": 20,
                        "time_aggregation": "Average",
                        "time_grain": "PT1M",
                        "time_window": "PT5M"
                      }
                    ],
                    "scale_action": [
                      {
                        "cooldown": "PT1M",
                        "direction": "Decrease",
                        "type": "ChangeCount",
                        "value": 1
                      }
                    ]
                  }
                ]
              }
            ],
            "resource_group_name": "ntier-iaas-rg",
            "tags": {},
            "target_resource_id": "/subscriptions/f5cdbf92-abd6-4e78-ad23-e0593e9536e6/resourceGroups/ntier-iaas-rg/providers/Microsoft.Compute/virtualMachineScaleSets/ntier-iaas-business-vmss",
            "timeouts": null
          },
          "sensitive_attributes": [],
          "private": "eyJlMmJmYjczMC1lY2FhLTExZTYtOGY4OC0zNDM2M2JjN2M0YzAiOnsiY3JlYXRlIjoxODAwMDAwMDAwMDAwLCJkZWxldGUiOjE4MDAwMDAwMDAwMDAsInJlYWQiOjMwMDAwMDAwMDAwMCwidXBkYXRlIjoxODAwMDAwMDAwMDAwfSwic2NoZW1hX3ZlcnNpb24iOiIyIn0=",
          "dependencies": [
            "azurerm_resource_group.rg",
            "module.business_tier.azurerm_linux_virtual_machine_scale_set.business_vmss",
            "module.load-balancing.azurerm_lb.web_biz_lb",
            "module.load-balancing.azurerm_lb_backend_address_pool.web_biz_lb",
            "module.network.azurerm_subnet.business_subnet",
            "module.network.azurerm_subnet.web_subnet",
            "module.network.azurerm_virtual_network.vnet"
          ]
        }
      ]
    },
    {
      "module": "module.data_tier",
      "mode": "managed",
      "type": "azurerm_mssql_server",
      "name": "data_tier",
      "provider": "provider[\"registry.terraform.io/hashicorp/azurerm\"]",
      "instances": [
        {
          "schema_version": 0,
          "attributes": {
            "administrator_login": "sqladmin",
            "administrator_login_password": "ZAQ!XSW@cde3",
            "azuread_administrator": [],
            "connection_policy": "Default",
            "fully_qualified_domain_name": "data-tier-sqlserver.database.windows.net",
            "id": "/subscriptions/f5cdbf92-abd6-4e78-ad23-e0593e9536e6/resourceGroups/ntier-iaas-rg/providers/Microsoft.Sql/servers/data-tier-sqlserver",
            "identity": [
              {
                "identity_ids": [
                  "/subscriptions/f5cdbf92-abd6-4e78-ad23-e0593e9536e6/resourceGroups/ntier-iaas-rg/providers/Microsoft.ManagedIdentity/userAssignedIdentities/sqladmin"
                ],
                "principal_id": "",
                "tenant_id": "",
                "type": "UserAssigned"
              }
            ],
            "location": "westus2",
            "minimum_tls_version": "1.2",
            "name": "data-tier-sqlserver",
            "outbound_network_restriction_enabled": false,
            "primary_user_assigned_identity_id": "/subscriptions/f5cdbf92-abd6-4e78-ad23-e0593e9536e6/resourceGroups/ntier-iaas-rg/providers/Microsoft.ManagedIdentity/userAssignedIdentities/sqladmin",
            "public_network_access_enabled": true,
            "resource_group_name": "ntier-iaas-rg",
            "restorable_dropped_database_ids": [],
            "tags": null,
            "timeouts": null,
            "transparent_data_encryption_key_vault_key_id": "",
            "version": "12.0"
          },
          "sensitive_attributes": [],
          "private": "eyJlMmJmYjczMC1lY2FhLTExZTYtOGY4OC0zNDM2M2JjN2M0YzAiOnsiY3JlYXRlIjozNjAwMDAwMDAwMDAwLCJkZWxldGUiOjM2MDAwMDAwMDAwMDAsInJlYWQiOjMwMDAwMDAwMDAwMCwidXBkYXRlIjozNjAwMDAwMDAwMDAwfX0=",
          "dependencies": [
            "azurerm_resource_group.rg",
            "module.data_tier.azurerm_user_assigned_identity.sql_identity"
          ]
        }
      ]
    },
    {
      "module": "module.data_tier",
      "mode": "managed",
      "type": "azurerm_storage_account",
      "name": "data_tier",
      "provider": "provider[\"registry.terraform.io/hashicorp/azurerm\"]",
      "instances": [
        {
          "schema_version": 4,
          "attributes": {
            "access_tier": "Hot",
            "account_kind": "StorageV2",
            "account_replication_type": "LRS",
            "account_tier": "Standard",
            "allow_nested_items_to_be_public": true,
            "allowed_copy_scope": "",
            "azure_files_authentication": [],
            "blob_properties": [
              {
                "change_feed_enabled": false,
                "change_feed_retention_in_days": 0,
                "container_delete_retention_policy": [],
                "cors_rule": [],
                "default_service_version": "",
                "delete_retention_policy": [],
                "last_access_time_enabled": false,
                "restore_policy": [],
                "versioning_enabled": false
              }
            ],
            "cross_tenant_replication_enabled": true,
            "custom_domain": [],
            "customer_managed_key": [],
            "default_to_oauth_authentication": false,
            "edge_zone": "",
            "enable_https_traffic_only": true,
            "id": "/subscriptions/f5cdbf92-abd6-4e78-ad23-e0593e9536e6/resourceGroups/ntier-iaas-rg/providers/Microsoft.Storage/storageAccounts/datatierstgd78a",
            "identity": [],
            "immutability_policy": [],
            "infrastructure_encryption_enabled": false,
            "is_hns_enabled": false,
            "large_file_share_enabled": null,
            "location": "westus2",
            "min_tls_version": "TLS1_2",
            "name": "datatierstgd78a",
            "network_rules": [
              {
                "bypass": [
                  "AzureServices"
                ],
                "default_action": "Allow",
                "ip_rules": [],
                "private_link_access": [],
                "virtual_network_subnet_ids": []
              }
            ],
            "nfsv3_enabled": false,
            "primary_access_key": "gMyzfQULI0PDK9YbMT1wSY5vaUE1ucvMqEOOGopcwm31s5SBks+g7KWYoIKanZycmeUkn7msHZ6O+AStUYdBIg==",
            "primary_blob_connection_string": "DefaultEndpointsProtocol=https;BlobEndpoint=https://datatierstgd78a.blob.core.windows.net/;AccountName=datatierstgd78a;AccountKey=gMyzfQULI0PDK9YbMT1wSY5vaUE1ucvMqEOOGopcwm31s5SBks+g7KWYoIKanZycmeUkn7msHZ6O+AStUYdBIg==",
            "primary_blob_endpoint": "https://datatierstgd78a.blob.core.windows.net/",
            "primary_blob_host": "datatierstgd78a.blob.core.windows.net",
            "primary_connection_string": "DefaultEndpointsProtocol=https;AccountName=datatierstgd78a;AccountKey=gMyzfQULI0PDK9YbMT1wSY5vaUE1ucvMqEOOGopcwm31s5SBks+g7KWYoIKanZycmeUkn7msHZ6O+AStUYdBIg==;EndpointSuffix=core.windows.net",
            "primary_dfs_endpoint": "https://datatierstgd78a.dfs.core.windows.net/",
            "primary_dfs_host": "datatierstgd78a.dfs.core.windows.net",
            "primary_file_endpoint": "https://datatierstgd78a.file.core.windows.net/",
            "primary_file_host": "datatierstgd78a.file.core.windows.net",
            "primary_location": "westus2",
            "primary_queue_endpoint": "https://datatierstgd78a.queue.core.windows.net/",
            "primary_queue_host": "datatierstgd78a.queue.core.windows.net",
            "primary_table_endpoint": "https://datatierstgd78a.table.core.windows.net/",
            "primary_table_host": "datatierstgd78a.table.core.windows.net",
            "primary_web_endpoint": "https://datatierstgd78a.z5.web.core.windows.net/",
            "primary_web_host": "datatierstgd78a.z5.web.core.windows.net",
            "public_network_access_enabled": true,
            "queue_encryption_key_type": "Service",
            "queue_properties": [
              {
                "cors_rule": [],
                "hour_metrics": [
                  {
                    "enabled": true,
                    "include_apis": true,
                    "retention_policy_days": 7,
                    "version": "1.0"
                  }
                ],
                "logging": [
                  {
                    "delete": false,
                    "read": false,
                    "retention_policy_days": 0,
                    "version": "1.0",
                    "write": false
                  }
                ],
                "minute_metrics": [
                  {
                    "enabled": false,
                    "include_apis": false,
                    "retention_policy_days": 0,
                    "version": "1.0"
                  }
                ]
              }
            ],
            "resource_group_name": "ntier-iaas-rg",
            "routing": [],
            "sas_policy": [],
            "secondary_access_key": "Xc/TNdmtGWmK3AveCr+M9Uxl/tkj57WYLtqyJ5LHEg3fTWG137FBC3h5N5clFWweA56Zxz2RaTvJ+AStLkwOsQ==",
            "secondary_blob_connection_string": "",
            "secondary_blob_endpoint": null,
            "secondary_blob_host": null,
            "secondary_connection_string": "DefaultEndpointsProtocol=https;AccountName=datatierstgd78a;AccountKey=Xc/TNdmtGWmK3AveCr+M9Uxl/tkj57WYLtqyJ5LHEg3fTWG137FBC3h5N5clFWweA56Zxz2RaTvJ+AStLkwOsQ==;EndpointSuffix=core.windows.net",
            "secondary_dfs_endpoint": null,
            "secondary_dfs_host": null,
            "secondary_file_endpoint": null,
            "secondary_file_host": null,
            "secondary_location": "",
            "secondary_queue_endpoint": null,
            "secondary_queue_host": null,
            "secondary_table_endpoint": null,
            "secondary_table_host": null,
            "secondary_web_endpoint": null,
            "secondary_web_host": null,
            "sftp_enabled": false,
            "share_properties": [
              {
                "cors_rule": [],
                "retention_policy": [
                  {
                    "days": 7
                  }
                ],
                "smb": []
              }
            ],
            "shared_access_key_enabled": true,
            "static_website": [],
            "table_encryption_key_type": "Service",
            "tags": {},
            "timeouts": null
          },
          "sensitive_attributes": [],
          "private": "eyJlMmJmYjczMC1lY2FhLTExZTYtOGY4OC0zNDM2M2JjN2M0YzAiOnsiY3JlYXRlIjozNjAwMDAwMDAwMDAwLCJkZWxldGUiOjM2MDAwMDAwMDAwMDAsInJlYWQiOjMwMDAwMDAwMDAwMCwidXBkYXRlIjozNjAwMDAwMDAwMDAwfSwic2NoZW1hX3ZlcnNpb24iOiI0In0=",
          "dependencies": [
            "azurerm_resource_group.rg",
            "module.data_tier.random_string.data_tier"
          ]
        }
      ]
    },
    {
      "module": "module.data_tier",
      "mode": "managed",
      "type": "azurerm_user_assigned_identity",
      "name": "sql_identity",
      "provider": "provider[\"registry.terraform.io/hashicorp/azurerm\"]",
      "instances": [
        {
          "schema_version": 1,
          "attributes": {
            "client_id": "55ab12bb-ef0b-4ac0-bc9d-eaa7790704f4",
            "id": "/subscriptions/f5cdbf92-abd6-4e78-ad23-e0593e9536e6/resourceGroups/ntier-iaas-rg/providers/Microsoft.ManagedIdentity/userAssignedIdentities/sqladmin",
            "location": "westus2",
            "name": "sqladmin",
            "principal_id": "d0a550bf-d917-4272-8c0f-3d0e2131fa03",
            "resource_group_name": "ntier-iaas-rg",
            "tags": {},
            "tenant_id": "7bbb2aa0-63e8-4f8d-b658-167c6b9d98bf",
            "timeouts": null
          },
          "sensitive_attributes": [],
          "private": "eyJlMmJmYjczMC1lY2FhLTExZTYtOGY4OC0zNDM2M2JjN2M0YzAiOnsiY3JlYXRlIjoxODAwMDAwMDAwMDAwLCJkZWxldGUiOjE4MDAwMDAwMDAwMDAsInJlYWQiOjMwMDAwMDAwMDAwMCwidXBkYXRlIjoxODAwMDAwMDAwMDAwfSwic2NoZW1hX3ZlcnNpb24iOiIxIn0=",
          "dependencies": [
            "azurerm_resource_group.rg"
          ]
        }
      ]
    },
    {
      "module": "module.data_tier",
      "mode": "managed",
      "type": "random_string",
      "name": "data_tier",
      "provider": "provider[\"registry.terraform.io/hashicorp/random\"]",
      "instances": [
        {
          "schema_version": 2,
          "attributes": {
            "id": "d78a",
            "keepers": null,
            "length": 4,
            "lower": true,
            "min_lower": 0,
            "min_numeric": 0,
            "min_special": 0,
            "min_upper": 0,
            "number": true,
            "numeric": true,
            "override_special": null,
            "result": "d78a",
            "special": false,
            "upper": false
          },
          "sensitive_attributes": [],
          "dependencies": [
            "azurerm_resource_group.rg"
          ]
        }
      ]
    },
    {
      "module": "module.jumpbox",
      "mode": "managed",
      "type": "azurerm_linux_virtual_machine",
      "name": "jumpbox",
      "provider": "provider[\"registry.terraform.io/hashicorp/azurerm\"]",
      "instances": [
        {
          "schema_version": 0,
          "attributes": {
            "additional_capabilities": [],
            "admin_password": "ZAQ!XSW@cde3",
            "admin_ssh_key": [],
            "admin_username": "azureuser",
            "allow_extension_operations": true,
            "availability_set_id": "",
            "boot_diagnostics": [],
            "bypass_platform_safety_checks_on_user_schedule_enabled": false,
            "capacity_reservation_group_id": "",
            "computer_name": "ntier-iaas-jumpbox-vm",
            "custom_data": null,
            "dedicated_host_group_id": "",
            "dedicated_host_id": "",
            "disable_password_authentication": false,
            "edge_zone": "",
            "encryption_at_host_enabled": false,
            "eviction_policy": "",
            "extensions_time_budget": "PT1H30M",
            "gallery_application": [],
            "id": "/subscriptions/f5cdbf92-abd6-4e78-ad23-e0593e9536e6/resourceGroups/ntier-iaas-rg/providers/Microsoft.Compute/virtualMachines/ntier-iaas-jumpbox-vm",
            "identity": [],
            "license_type": "",
            "location": "westus2",
            "max_bid_price": -1,
            "name": "ntier-iaas-jumpbox-vm",
            "network_interface_ids": [
              "/subscriptions/f5cdbf92-abd6-4e78-ad23-e0593e9536e6/resourceGroups/ntier-iaas-rg/providers/Microsoft.Network/networkInterfaces/jumpbox-nic"
            ],
            "os_disk": [
              {
                "caching": "ReadWrite",
                "diff_disk_settings": [],
                "disk_encryption_set_id": "",
                "disk_size_gb": 30,
                "name": "ntier-iaas-jumpbox-vm_OsDisk_1_2afcc9528be742e0936d35568165b7ce",
                "secure_vm_disk_encryption_set_id": "",
                "security_encryption_type": "",
                "storage_account_type": "Standard_LRS",
                "write_accelerator_enabled": false
              }
            ],
            "patch_assessment_mode": "ImageDefault",
            "patch_mode": "ImageDefault",
            "plan": [],
            "platform_fault_domain": -1,
            "priority": "Regular",
            "private_ip_address": "10.9.0.4",
            "private_ip_addresses": [
              "10.9.0.4"
            ],
            "provision_vm_agent": true,
            "proximity_placement_group_id": "",
            "public_ip_address": "20.236.3.18",
            "public_ip_addresses": [
              "20.236.3.18"
            ],
            "reboot_setting": "",
            "resource_group_name": "ntier-iaas-rg",
            "secret": [],
            "secure_boot_enabled": false,
            "size": "Standard_F2",
            "source_image_id": "",
            "source_image_reference": [
              {
                "offer": "0001-com-ubuntu-server-focal",
                "publisher": "Canonical",
                "sku": "20_04-lts",
                "version": "latest"
              }
            ],
            "tags": {},
            "termination_notification": [],
            "timeouts": null,
            "user_data": "",
            "virtual_machine_id": "11b3d58e-25f9-4375-80fc-7fb93d30a7a4",
            "virtual_machine_scale_set_id": "",
            "vtpm_enabled": false,
            "zone": ""
          },
          "sensitive_attributes": [],
          "private": "eyJlMmJmYjczMC1lY2FhLTExZTYtOGY4OC0zNDM2M2JjN2M0YzAiOnsiY3JlYXRlIjoyNzAwMDAwMDAwMDAwLCJkZWxldGUiOjI3MDAwMDAwMDAwMDAsInJlYWQiOjMwMDAwMDAwMDAwMCwidXBkYXRlIjoyNzAwMDAwMDAwMDAwfX0=",
          "dependencies": [
            "azurerm_resource_group.rg",
            "module.jumpbox.azurerm_network_interface.jumpbox",
            "module.jumpbox.azurerm_public_ip.jumpbox_pip",
            "module.network.azurerm_subnet.jumpbox_subnet",
            "module.network.azurerm_virtual_network.vnet"
          ]
        }
      ]
    },
    {
      "module": "module.jumpbox",
      "mode": "managed",
      "type": "azurerm_network_interface",
      "name": "jumpbox",
      "provider": "provider[\"registry.terraform.io/hashicorp/azurerm\"]",
      "instances": [
        {
          "schema_version": 0,
          "attributes": {
            "applied_dns_servers": [],
            "dns_servers": [],
            "edge_zone": "",
            "enable_accelerated_networking": false,
            "enable_ip_forwarding": false,
            "id": "/subscriptions/f5cdbf92-abd6-4e78-ad23-e0593e9536e6/resourceGroups/ntier-iaas-rg/providers/Microsoft.Network/networkInterfaces/jumpbox-nic",
            "internal_dns_name_label": "",
            "internal_domain_name_suffix": "1kywsqg21fyuph0urixajpxayf.xx.internal.cloudapp.net",
            "ip_configuration": [
              {
                "gateway_load_balancer_frontend_ip_configuration_id": "",
                "name": "internal",
                "primary": true,
                "private_ip_address": "10.9.0.4",
                "private_ip_address_allocation": "Dynamic",
                "private_ip_address_version": "IPv4",
                "public_ip_address_id": "/subscriptions/f5cdbf92-abd6-4e78-ad23-e0593e9536e6/resourceGroups/ntier-iaas-rg/providers/Microsoft.Network/publicIPAddresses/ntier-iaas-jumpbox-pip",
                "subnet_id": "/subscriptions/f5cdbf92-abd6-4e78-ad23-e0593e9536e6/resourceGroups/ntier-iaas-rg/providers/Microsoft.Network/virtualNetworks/ntier-iaas-vnet/subnets/ntier-iaas-JumpboxSubnet"
              }
            ],
            "location": "westus2",
            "mac_address": "00-0D-3A-C3-70-01",
            "name": "jumpbox-nic",
            "private_ip_address": "10.9.0.4",
            "private_ip_addresses": [
              "10.9.0.4"
            ],
            "resource_group_name": "ntier-iaas-rg",
            "tags": {},
            "timeouts": null,
            "virtual_machine_id": "/subscriptions/f5cdbf92-abd6-4e78-ad23-e0593e9536e6/resourceGroups/ntier-iaas-rg/providers/Microsoft.Compute/virtualMachines/ntier-iaas-jumpbox-vm"
          },
          "sensitive_attributes": [],
          "private": "eyJlMmJmYjczMC1lY2FhLTExZTYtOGY4OC0zNDM2M2JjN2M0YzAiOnsiY3JlYXRlIjoxODAwMDAwMDAwMDAwLCJkZWxldGUiOjE4MDAwMDAwMDAwMDAsInJlYWQiOjMwMDAwMDAwMDAwMCwidXBkYXRlIjoxODAwMDAwMDAwMDAwfX0=",
          "dependencies": [
            "azurerm_resource_group.rg",
            "module.jumpbox.azurerm_public_ip.jumpbox_pip",
            "module.network.azurerm_subnet.jumpbox_subnet",
            "module.network.azurerm_virtual_network.vnet"
          ]
        }
      ]
    },
    {
      "module": "module.jumpbox",
      "mode": "managed",
      "type": "azurerm_public_ip",
      "name": "jumpbox_pip",
      "provider": "provider[\"registry.terraform.io/hashicorp/azurerm\"]",
      "instances": [
        {
          "schema_version": 0,
          "attributes": {
            "allocation_method": "Static",
            "ddos_protection_mode": "VirtualNetworkInherited",
            "ddos_protection_plan_id": null,
            "domain_name_label": null,
            "edge_zone": "",
            "fqdn": null,
            "id": "/subscriptions/f5cdbf92-abd6-4e78-ad23-e0593e9536e6/resourceGroups/ntier-iaas-rg/providers/Microsoft.Network/publicIPAddresses/ntier-iaas-jumpbox-pip",
            "idle_timeout_in_minutes": 4,
            "ip_address": "20.236.3.18",
            "ip_tags": {},
            "ip_version": "IPv4",
            "location": "westus2",
            "name": "ntier-iaas-jumpbox-pip",
            "public_ip_prefix_id": null,
            "resource_group_name": "ntier-iaas-rg",
            "reverse_fqdn": null,
            "sku": "Basic",
            "sku_tier": "Regional",
            "tags": {},
            "timeouts": null,
            "zones": []
          },
          "sensitive_attributes": [],
          "private": "eyJlMmJmYjczMC1lY2FhLTExZTYtOGY4OC0zNDM2M2JjN2M0YzAiOnsiY3JlYXRlIjoxODAwMDAwMDAwMDAwLCJkZWxldGUiOjE4MDAwMDAwMDAwMDAsInJlYWQiOjMwMDAwMDAwMDAwMCwidXBkYXRlIjoxODAwMDAwMDAwMDAwfX0=",
          "dependencies": [
            "azurerm_resource_group.rg"
          ]
        }
      ]
    },
    {
      "module": "module.load-balancing",
      "mode": "managed",
      "type": "azurerm_lb",
      "name": "web_biz_lb",
      "provider": "provider[\"registry.terraform.io/hashicorp/azurerm\"]",
      "instances": [
        {
          "schema_version": 0,
          "attributes": {
            "edge_zone": "",
            "frontend_ip_configuration": [
              {
                "gateway_load_balancer_frontend_ip_configuration_id": "",
                "id": "/subscriptions/f5cdbf92-abd6-4e78-ad23-e0593e9536e6/resourceGroups/ntier-iaas-rg/providers/Microsoft.Network/loadBalancers/ntier-iaasweb-biz-lb/frontendIPConfigurations/ntier-iaasweb-biz-ipconfig",
                "inbound_nat_rules": [
                  "/subscriptions/f5cdbf92-abd6-4e78-ad23-e0593e9536e6/resourceGroups/ntier-iaas-rg/providers/Microsoft.Network/loadBalancers/ntier-iaasweb-biz-lb/inboundNatRules/SSH"
                ],
                "load_balancer_rules": [
                  "/subscriptions/f5cdbf92-abd6-4e78-ad23-e0593e9536e6/resourceGroups/ntier-iaas-rg/providers/Microsoft.Network/loadBalancers/ntier-iaasweb-biz-lb/loadBalancingRules/HTTP"
                ],
                "name": "ntier-iaasweb-biz-ipconfig",
                "outbound_rules": [],
                "private_ip_address": "10.9.2.4",
                "private_ip_address_allocation": "Dynamic",
                "private_ip_address_version": "IPv4",
                "public_ip_address_id": "",
                "public_ip_prefix_id": "",
                "subnet_id": "/subscriptions/f5cdbf92-abd6-4e78-ad23-e0593e9536e6/resourceGroups/ntier-iaas-rg/providers/Microsoft.Network/virtualNetworks/ntier-iaas-vnet/subnets/ntier-iaas-WebSubnet",
                "zones": []
              }
            ],
            "id": "/subscriptions/f5cdbf92-abd6-4e78-ad23-e0593e9536e6/resourceGroups/ntier-iaas-rg/providers/Microsoft.Network/loadBalancers/ntier-iaasweb-biz-lb",
            "location": "westus2",
            "name": "ntier-iaasweb-biz-lb",
            "private_ip_address": "10.9.2.4",
            "private_ip_addresses": [
              "10.9.2.4"
            ],
            "resource_group_name": "ntier-iaas-rg",
            "sku": "Standard",
            "sku_tier": "Regional",
            "tags": {},
            "timeouts": null
          },
          "sensitive_attributes": [],
          "private": "eyJlMmJmYjczMC1lY2FhLTExZTYtOGY4OC0zNDM2M2JjN2M0YzAiOnsiY3JlYXRlIjoxODAwMDAwMDAwMDAwLCJkZWxldGUiOjE4MDAwMDAwMDAwMDAsInJlYWQiOjMwMDAwMDAwMDAwMCwidXBkYXRlIjoxODAwMDAwMDAwMDAwfX0=",
          "dependencies": [
            "azurerm_resource_group.rg",
            "module.network.azurerm_subnet.web_subnet",
            "module.network.azurerm_virtual_network.vnet"
          ]
        }
      ]
    },
    {
      "module": "module.load-balancing",
      "mode": "managed",
      "type": "azurerm_lb_backend_address_pool",
      "name": "web_biz_lb",
      "provider": "provider[\"registry.terraform.io/hashicorp/azurerm\"]",
      "instances": [
        {
          "schema_version": 0,
          "attributes": {
            "backend_ip_configurations": [
              "/subscriptions/f5cdbf92-abd6-4e78-ad23-e0593e9536e6/resourceGroups/ntier-iaas-rg/providers/Microsoft.Compute/virtualMachineScaleSets/ntier-iaas-business-vmss/virtualMachines/1/networkInterfaces/business-vmss-nic/ipConfigurations/internal"
            ],
            "id": "/subscriptions/f5cdbf92-abd6-4e78-ad23-e0593e9536e6/resourceGroups/ntier-iaas-rg/providers/Microsoft.Network/loadBalancers/ntier-iaasweb-biz-lb/backendAddressPools/bepool",
            "inbound_nat_rules": [],
            "load_balancing_rules": [
              "/subscriptions/f5cdbf92-abd6-4e78-ad23-e0593e9536e6/resourceGroups/ntier-iaas-rg/providers/Microsoft.Network/loadBalancers/ntier-iaasweb-biz-lb/loadBalancingRules/HTTP"
            ],
            "loadbalancer_id": "/subscriptions/f5cdbf92-abd6-4e78-ad23-e0593e9536e6/resourceGroups/ntier-iaas-rg/providers/Microsoft.Network/loadBalancers/ntier-iaasweb-biz-lb",
            "name": "bepool",
            "outbound_rules": [],
            "timeouts": null,
            "tunnel_interface": [],
            "virtual_network_id": ""
          },
          "sensitive_attributes": [],
          "private": "eyJlMmJmYjczMC1lY2FhLTExZTYtOGY4OC0zNDM2M2JjN2M0YzAiOnsiY3JlYXRlIjoxODAwMDAwMDAwMDAwLCJkZWxldGUiOjE4MDAwMDAwMDAwMDAsInJlYWQiOjMwMDAwMDAwMDAwMCwidXBkYXRlIjoxODAwMDAwMDAwMDAwfX0=",
          "dependencies": [
            "azurerm_resource_group.rg",
            "module.load-balancing.azurerm_lb.web_biz_lb",
            "module.network.azurerm_subnet.web_subnet",
            "module.network.azurerm_virtual_network.vnet"
          ]
        }
      ]
    },
    {
      "module": "module.load-balancing",
      "mode": "managed",
      "type": "azurerm_lb_nat_rule",
      "name": "web_biz_lb",
      "provider": "provider[\"registry.terraform.io/hashicorp/azurerm\"]",
      "instances": [
        {
          "schema_version": 0,
          "attributes": {
            "backend_address_pool_id": null,
            "backend_ip_configuration_id": "",
            "backend_port": 22,
            "enable_floating_ip": false,
            "enable_tcp_reset": false,
            "frontend_ip_configuration_id": "/subscriptions/f5cdbf92-abd6-4e78-ad23-e0593e9536e6/resourceGroups/ntier-iaas-rg/providers/Microsoft.Network/loadBalancers/ntier-iaasweb-biz-lb/frontendIPConfigurations/ntier-iaasweb-biz-ipconfig",
            "frontend_ip_configuration_name": "ntier-iaasweb-biz-ipconfig",
            "frontend_port": 22,
            "frontend_port_end": null,
            "frontend_port_start": null,
            "id": "/subscriptions/f5cdbf92-abd6-4e78-ad23-e0593e9536e6/resourceGroups/ntier-iaas-rg/providers/Microsoft.Network/loadBalancers/ntier-iaasweb-biz-lb/inboundNatRules/SSH",
            "idle_timeout_in_minutes": 4,
            "loadbalancer_id": "/subscriptions/f5cdbf92-abd6-4e78-ad23-e0593e9536e6/resourceGroups/ntier-iaas-rg/providers/Microsoft.Network/loadBalancers/ntier-iaasweb-biz-lb",
            "name": "SSH",
            "protocol": "Tcp",
            "resource_group_name": "ntier-iaas-rg",
            "timeouts": null
          },
          "sensitive_attributes": [],
          "private": "eyJlMmJmYjczMC1lY2FhLTExZTYtOGY4OC0zNDM2M2JjN2M0YzAiOnsiY3JlYXRlIjoxODAwMDAwMDAwMDAwLCJkZWxldGUiOjE4MDAwMDAwMDAwMDAsInJlYWQiOjMwMDAwMDAwMDAwMCwidXBkYXRlIjoxODAwMDAwMDAwMDAwfX0=",
          "dependencies": [
            "azurerm_resource_group.rg",
            "module.load-balancing.azurerm_lb.web_biz_lb",
            "module.network.azurerm_subnet.web_subnet",
            "module.network.azurerm_virtual_network.vnet"
          ]
        }
      ]
    },
    {
      "module": "module.load-balancing",
      "mode": "managed",
      "type": "azurerm_lb_probe",
      "name": "web_biz_lb",
      "provider": "provider[\"registry.terraform.io/hashicorp/azurerm\"]",
      "instances": [
        {
          "schema_version": 0,
          "attributes": {
            "id": "/subscriptions/f5cdbf92-abd6-4e78-ad23-e0593e9536e6/resourceGroups/ntier-iaas-rg/providers/Microsoft.Network/loadBalancers/ntier-iaasweb-biz-lb/probes/ssh-running-probe",
            "interval_in_seconds": 15,
            "load_balancer_rules": [],
            "loadbalancer_id": "/subscriptions/f5cdbf92-abd6-4e78-ad23-e0593e9536e6/resourceGroups/ntier-iaas-rg/providers/Microsoft.Network/loadBalancers/ntier-iaasweb-biz-lb",
            "name": "ssh-running-probe",
            "number_of_probes": 2,
            "port": 22,
            "probe_threshold": 1,
            "protocol": "Tcp",
            "request_path": "",
            "timeouts": null
          },
          "sensitive_attributes": [],
          "private": "eyJlMmJmYjczMC1lY2FhLTExZTYtOGY4OC0zNDM2M2JjN2M0YzAiOnsiY3JlYXRlIjoxODAwMDAwMDAwMDAwLCJkZWxldGUiOjE4MDAwMDAwMDAwMDAsInJlYWQiOjMwMDAwMDAwMDAwMCwidXBkYXRlIjoxODAwMDAwMDAwMDAwfX0=",
          "dependencies": [
            "azurerm_resource_group.rg",
            "module.load-balancing.azurerm_lb.web_biz_lb",
            "module.network.azurerm_subnet.web_subnet",
            "module.network.azurerm_virtual_network.vnet"
          ]
        }
      ]
    },
    {
      "module": "module.load-balancing",
      "mode": "managed",
      "type": "azurerm_lb_rule",
      "name": "web_biz_lb",
      "provider": "provider[\"registry.terraform.io/hashicorp/azurerm\"]",
      "instances": [
        {
          "schema_version": 0,
          "attributes": {
            "backend_address_pool_ids": [
              "/subscriptions/f5cdbf92-abd6-4e78-ad23-e0593e9536e6/resourceGroups/ntier-iaas-rg/providers/Microsoft.Network/loadBalancers/ntier-iaasweb-biz-lb/backendAddressPools/bepool"
            ],
            "backend_port": 80,
            "disable_outbound_snat": false,
            "enable_floating_ip": false,
            "enable_tcp_reset": false,
            "frontend_ip_configuration_id": "/subscriptions/f5cdbf92-abd6-4e78-ad23-e0593e9536e6/resourceGroups/ntier-iaas-rg/providers/Microsoft.Network/loadBalancers/ntier-iaasweb-biz-lb/frontendIPConfigurations/ntier-iaasweb-biz-ipconfig",
            "frontend_ip_configuration_name": "ntier-iaasweb-biz-ipconfig",
            "frontend_port": 80,
            "id": "/subscriptions/f5cdbf92-abd6-4e78-ad23-e0593e9536e6/resourceGroups/ntier-iaas-rg/providers/Microsoft.Network/loadBalancers/ntier-iaasweb-biz-lb/loadBalancingRules/HTTP",
            "idle_timeout_in_minutes": 4,
            "load_distribution": "Default",
            "loadbalancer_id": "/subscriptions/f5cdbf92-abd6-4e78-ad23-e0593e9536e6/resourceGroups/ntier-iaas-rg/providers/Microsoft.Network/loadBalancers/ntier-iaasweb-biz-lb",
            "name": "HTTP",
            "probe_id": "",
            "protocol": "Tcp",
            "timeouts": null
          },
          "sensitive_attributes": [],
          "private": "eyJlMmJmYjczMC1lY2FhLTExZTYtOGY4OC0zNDM2M2JjN2M0YzAiOnsiY3JlYXRlIjoxODAwMDAwMDAwMDAwLCJkZWxldGUiOjE4MDAwMDAwMDAwMDAsInJlYWQiOjMwMDAwMDAwMDAwMCwidXBkYXRlIjoxODAwMDAwMDAwMDAwfX0=",
          "dependencies": [
            "azurerm_resource_group.rg",
            "module.load-balancing.azurerm_lb.web_biz_lb",
            "module.load-balancing.azurerm_lb_backend_address_pool.web_biz_lb",
            "module.network.azurerm_subnet.web_subnet",
            "module.network.azurerm_virtual_network.vnet"
          ]
        }
      ]
    },
    {
      "module": "module.network",
      "mode": "managed",
      "type": "azurerm_network_security_group",
      "name": "appgw_nsg",
      "provider": "provider[\"registry.terraform.io/hashicorp/azurerm\"]",
      "instances": [
        {
          "schema_version": 0,
          "attributes": {
            "id": "/subscriptions/f5cdbf92-abd6-4e78-ad23-e0593e9536e6/resourceGroups/ntier-iaas-rg/providers/Microsoft.Network/networkSecurityGroups/ntier-iaas-appgw-nsg",
            "location": "westus2",
            "name": "ntier-iaas-appgw-nsg",
            "resource_group_name": "ntier-iaas-rg",
            "security_rule": [
              {
                "access": "Allow",
                "description": "",
                "destination_address_prefix": "*",
                "destination_address_prefixes": [],
                "destination_application_security_group_ids": [],
                "destination_port_range": "65200-65535",
                "destination_port_ranges": [],
                "direction": "Inbound",
                "name": "65k-Allow",
                "priority": 100,
                "protocol": "*",
                "source_address_prefix": "*",
                "source_address_prefixes": [],
                "source_application_security_group_ids": [],
                "source_port_range": "*",
                "source_port_ranges": []
              }
            ],
            "tags": {},
            "timeouts": null
          },
          "sensitive_attributes": [],
          "private": "eyJlMmJmYjczMC1lY2FhLTExZTYtOGY4OC0zNDM2M2JjN2M0YzAiOnsiY3JlYXRlIjoxODAwMDAwMDAwMDAwLCJkZWxldGUiOjE4MDAwMDAwMDAwMDAsInJlYWQiOjMwMDAwMDAwMDAwMCwidXBkYXRlIjoxODAwMDAwMDAwMDAwfX0=",
          "dependencies": [
            "azurerm_resource_group.rg"
          ]
        }
      ]
    },
    {
      "module": "module.network",
      "mode": "managed",
      "type": "azurerm_network_security_group",
      "name": "business_nsg",
      "provider": "provider[\"registry.terraform.io/hashicorp/azurerm\"]",
      "instances": [
        {
          "schema_version": 0,
          "attributes": {
            "id": "/subscriptions/f5cdbf92-abd6-4e78-ad23-e0593e9536e6/resourceGroups/ntier-iaas-rg/providers/Microsoft.Network/networkSecurityGroups/ntier-iaas-business-nsg",
            "location": "westus2",
            "name": "ntier-iaas-business-nsg",
            "resource_group_name": "ntier-iaas-rg",
            "security_rule": [],
            "tags": {},
            "timeouts": null
          },
          "sensitive_attributes": [],
          "private": "eyJlMmJmYjczMC1lY2FhLTExZTYtOGY4OC0zNDM2M2JjN2M0YzAiOnsiY3JlYXRlIjoxODAwMDAwMDAwMDAwLCJkZWxldGUiOjE4MDAwMDAwMDAwMDAsInJlYWQiOjMwMDAwMDAwMDAwMCwidXBkYXRlIjoxODAwMDAwMDAwMDAwfX0=",
          "dependencies": [
            "azurerm_resource_group.rg"
          ]
        }
      ]
    },
    {
      "module": "module.network",
      "mode": "managed",
      "type": "azurerm_network_security_group",
      "name": "data_nsg",
      "provider": "provider[\"registry.terraform.io/hashicorp/azurerm\"]",
      "instances": [
        {
          "schema_version": 0,
          "attributes": {
            "id": "/subscriptions/f5cdbf92-abd6-4e78-ad23-e0593e9536e6/resourceGroups/ntier-iaas-rg/providers/Microsoft.Network/networkSecurityGroups/ntier-iaas-data-nsg",
            "location": "westus2",
            "name": "ntier-iaas-data-nsg",
            "resource_group_name": "ntier-iaas-rg",
            "security_rule": [],
            "tags": {},
            "timeouts": null
          },
          "sensitive_attributes": [],
          "private": "eyJlMmJmYjczMC1lY2FhLTExZTYtOGY4OC0zNDM2M2JjN2M0YzAiOnsiY3JlYXRlIjoxODAwMDAwMDAwMDAwLCJkZWxldGUiOjE4MDAwMDAwMDAwMDAsInJlYWQiOjMwMDAwMDAwMDAwMCwidXBkYXRlIjoxODAwMDAwMDAwMDAwfX0=",
          "dependencies": [
            "azurerm_resource_group.rg"
          ]
        }
      ]
    },
    {
      "module": "module.network",
      "mode": "managed",
      "type": "azurerm_network_security_group",
      "name": "jumpbox_nsg",
      "provider": "provider[\"registry.terraform.io/hashicorp/azurerm\"]",
      "instances": [
        {
          "schema_version": 0,
          "attributes": {
            "id": "/subscriptions/f5cdbf92-abd6-4e78-ad23-e0593e9536e6/resourceGroups/ntier-iaas-rg/providers/Microsoft.Network/networkSecurityGroups/ntier-iaas-jumpbox-nsg",
            "location": "westus2",
            "name": "ntier-iaas-jumpbox-nsg",
            "resource_group_name": "ntier-iaas-rg",
            "security_rule": [
              {
                "access": "Allow",
                "description": "",
                "destination_address_prefix": "*",
                "destination_address_prefixes": [],
                "destination_application_security_group_ids": [],
                "destination_port_range": "22",
                "destination_port_ranges": [],
                "direction": "Inbound",
                "name": "SSH-Allow",
                "priority": 120,
                "protocol": "Tcp",
                "source_address_prefix": "*",
                "source_address_prefixes": [],
                "source_application_security_group_ids": [],
                "source_port_range": "*",
                "source_port_ranges": []
              }
            ],
            "tags": {},
            "timeouts": null
          },
          "sensitive_attributes": [],
          "private": "eyJlMmJmYjczMC1lY2FhLTExZTYtOGY4OC0zNDM2M2JjN2M0YzAiOnsiY3JlYXRlIjoxODAwMDAwMDAwMDAwLCJkZWxldGUiOjE4MDAwMDAwMDAwMDAsInJlYWQiOjMwMDAwMDAwMDAwMCwidXBkYXRlIjoxODAwMDAwMDAwMDAwfX0=",
          "dependencies": [
            "azurerm_resource_group.rg"
          ]
        }
      ]
    },
    {
      "module": "module.network",
      "mode": "managed",
      "type": "azurerm_network_security_group",
      "name": "web_nsg",
      "provider": "provider[\"registry.terraform.io/hashicorp/azurerm\"]",
      "instances": [
        {
          "schema_version": 0,
          "attributes": {
            "id": "/subscriptions/f5cdbf92-abd6-4e78-ad23-e0593e9536e6/resourceGroups/ntier-iaas-rg/providers/Microsoft.Network/networkSecurityGroups/ntier-iaas-web-nsg",
            "location": "westus2",
            "name": "ntier-iaas-web-nsg",
            "resource_group_name": "ntier-iaas-rg",
            "security_rule": [],
            "tags": {},
            "timeouts": null
          },
          "sensitive_attributes": [],
          "private": "eyJlMmJmYjczMC1lY2FhLTExZTYtOGY4OC0zNDM2M2JjN2M0YzAiOnsiY3JlYXRlIjoxODAwMDAwMDAwMDAwLCJkZWxldGUiOjE4MDAwMDAwMDAwMDAsInJlYWQiOjMwMDAwMDAwMDAwMCwidXBkYXRlIjoxODAwMDAwMDAwMDAwfX0=",
          "dependencies": [
            "azurerm_resource_group.rg"
          ]
        }
      ]
    },
    {
      "module": "module.network",
      "mode": "managed",
      "type": "azurerm_network_security_rule",
      "name": "app_gateway_65k_allow",
      "provider": "provider[\"registry.terraform.io/hashicorp/azurerm\"]",
      "instances": [
        {
          "schema_version": 0,
          "attributes": {
            "access": "Allow",
            "description": "",
            "destination_address_prefix": "*",
            "destination_address_prefixes": [],
            "destination_application_security_group_ids": [],
            "destination_port_range": "65200-65535",
            "destination_port_ranges": [],
            "direction": "Inbound",
            "id": "/subscriptions/f5cdbf92-abd6-4e78-ad23-e0593e9536e6/resourceGroups/ntier-iaas-rg/providers/Microsoft.Network/networkSecurityGroups/ntier-iaas-appgw-nsg/securityRules/65k-Allow",
            "name": "65k-Allow",
            "network_security_group_name": "ntier-iaas-appgw-nsg",
            "priority": 100,
            "protocol": "*",
            "resource_group_name": "ntier-iaas-rg",
            "source_address_prefix": "*",
            "source_address_prefixes": [],
            "source_application_security_group_ids": [],
            "source_port_range": "*",
            "source_port_ranges": [],
            "timeouts": null
          },
          "sensitive_attributes": [],
          "private": "eyJlMmJmYjczMC1lY2FhLTExZTYtOGY4OC0zNDM2M2JjN2M0YzAiOnsiY3JlYXRlIjoxODAwMDAwMDAwMDAwLCJkZWxldGUiOjE4MDAwMDAwMDAwMDAsInJlYWQiOjMwMDAwMDAwMDAwMCwidXBkYXRlIjoxODAwMDAwMDAwMDAwfX0=",
          "dependencies": [
            "azurerm_resource_group.rg",
            "module.network.azurerm_network_security_group.appgw_nsg"
          ]
        }
      ]
    },
    {
      "module": "module.network",
      "mode": "managed",
      "type": "azurerm_network_security_rule",
      "name": "jumpbox_ssh_allow",
      "provider": "provider[\"registry.terraform.io/hashicorp/azurerm\"]",
      "instances": [
        {
          "schema_version": 0,
          "attributes": {
            "access": "Allow",
            "description": "",
            "destination_address_prefix": "*",
            "destination_address_prefixes": [],
            "destination_application_security_group_ids": [],
            "destination_port_range": "22",
            "destination_port_ranges": [],
            "direction": "Inbound",
            "id": "/subscriptions/f5cdbf92-abd6-4e78-ad23-e0593e9536e6/resourceGroups/ntier-iaas-rg/providers/Microsoft.Network/networkSecurityGroups/ntier-iaas-jumpbox-nsg/securityRules/SSH-Allow",
            "name": "SSH-Allow",
            "network_security_group_name": "ntier-iaas-jumpbox-nsg",
            "priority": 120,
            "protocol": "Tcp",
            "resource_group_name": "ntier-iaas-rg",
            "source_address_prefix": "*",
            "source_address_prefixes": [],
            "source_application_security_group_ids": [],
            "source_port_range": "*",
            "source_port_ranges": [],
            "timeouts": null
          },
          "sensitive_attributes": [],
          "private": "eyJlMmJmYjczMC1lY2FhLTExZTYtOGY4OC0zNDM2M2JjN2M0YzAiOnsiY3JlYXRlIjoxODAwMDAwMDAwMDAwLCJkZWxldGUiOjE4MDAwMDAwMDAwMDAsInJlYWQiOjMwMDAwMDAwMDAwMCwidXBkYXRlIjoxODAwMDAwMDAwMDAwfX0=",
          "dependencies": [
            "azurerm_resource_group.rg",
            "module.network.azurerm_network_security_group.jumpbox_nsg"
          ]
        }
      ]
    },
    {
      "module": "module.network",
      "mode": "managed",
      "type": "azurerm_subnet",
      "name": "appgw_subnet",
      "provider": "provider[\"registry.terraform.io/hashicorp/azurerm\"]",
      "instances": [
        {
          "schema_version": 0,
          "attributes": {
            "address_prefixes": [
              "10.9.1.0/24"
            ],
            "delegation": [],
            "enforce_private_link_endpoint_network_policies": false,
            "enforce_private_link_service_network_policies": false,
            "id": "/subscriptions/f5cdbf92-abd6-4e78-ad23-e0593e9536e6/resourceGroups/ntier-iaas-rg/providers/Microsoft.Network/virtualNetworks/ntier-iaas-vnet/subnets/ApplicationGatewaySubnet",
            "name": "ApplicationGatewaySubnet",
            "private_endpoint_network_policies_enabled": true,
            "private_link_service_network_policies_enabled": true,
            "resource_group_name": "ntier-iaas-rg",
            "service_endpoint_policy_ids": [],
            "service_endpoints": [],
            "timeouts": null,
            "virtual_network_name": "ntier-iaas-vnet"
          },
          "sensitive_attributes": [],
          "private": "eyJlMmJmYjczMC1lY2FhLTExZTYtOGY4OC0zNDM2M2JjN2M0YzAiOnsiY3JlYXRlIjoxODAwMDAwMDAwMDAwLCJkZWxldGUiOjE4MDAwMDAwMDAwMDAsInJlYWQiOjMwMDAwMDAwMDAwMCwidXBkYXRlIjoxODAwMDAwMDAwMDAwfX0=",
          "dependencies": [
            "azurerm_resource_group.rg",
            "module.network.azurerm_virtual_network.vnet"
          ]
        }
      ]
    },
    {
      "module": "module.network",
      "mode": "managed",
      "type": "azurerm_subnet",
      "name": "business_subnet",
      "provider": "provider[\"registry.terraform.io/hashicorp/azurerm\"]",
      "instances": [
        {
          "schema_version": 0,
          "attributes": {
            "address_prefixes": [
              "10.9.3.0/24"
            ],
            "delegation": [],
            "enforce_private_link_endpoint_network_policies": false,
            "enforce_private_link_service_network_policies": false,
            "id": "/subscriptions/f5cdbf92-abd6-4e78-ad23-e0593e9536e6/resourceGroups/ntier-iaas-rg/providers/Microsoft.Network/virtualNetworks/ntier-iaas-vnet/subnets/ntier-iaas-BusinessSubnet",
            "name": "ntier-iaas-BusinessSubnet",
            "private_endpoint_network_policies_enabled": true,
            "private_link_service_network_policies_enabled": true,
            "resource_group_name": "ntier-iaas-rg",
            "service_endpoint_policy_ids": [],
            "service_endpoints": [],
            "timeouts": null,
            "virtual_network_name": "ntier-iaas-vnet"
          },
          "sensitive_attributes": [],
          "private": "eyJlMmJmYjczMC1lY2FhLTExZTYtOGY4OC0zNDM2M2JjN2M0YzAiOnsiY3JlYXRlIjoxODAwMDAwMDAwMDAwLCJkZWxldGUiOjE4MDAwMDAwMDAwMDAsInJlYWQiOjMwMDAwMDAwMDAwMCwidXBkYXRlIjoxODAwMDAwMDAwMDAwfX0=",
          "dependencies": [
            "azurerm_resource_group.rg",
            "module.network.azurerm_virtual_network.vnet"
          ]
        }
      ]
    },
    {
      "module": "module.network",
      "mode": "managed",
      "type": "azurerm_subnet",
      "name": "data_subnet",
      "provider": "provider[\"registry.terraform.io/hashicorp/azurerm\"]",
      "instances": [
        {
          "schema_version": 0,
          "attributes": {
            "address_prefixes": [
              "10.9.4.0/24"
            ],
            "delegation": [],
            "enforce_private_link_endpoint_network_policies": false,
            "enforce_private_link_service_network_policies": false,
            "id": "/subscriptions/f5cdbf92-abd6-4e78-ad23-e0593e9536e6/resourceGroups/ntier-iaas-rg/providers/Microsoft.Network/virtualNetworks/ntier-iaas-vnet/subnets/ntier-iaas-DataSubnet",
            "name": "ntier-iaas-DataSubnet",
            "private_endpoint_network_policies_enabled": true,
            "private_link_service_network_policies_enabled": true,
            "resource_group_name": "ntier-iaas-rg",
            "service_endpoint_policy_ids": [],
            "service_endpoints": [],
            "timeouts": null,
            "virtual_network_name": "ntier-iaas-vnet"
          },
          "sensitive_attributes": [],
          "private": "eyJlMmJmYjczMC1lY2FhLTExZTYtOGY4OC0zNDM2M2JjN2M0YzAiOnsiY3JlYXRlIjoxODAwMDAwMDAwMDAwLCJkZWxldGUiOjE4MDAwMDAwMDAwMDAsInJlYWQiOjMwMDAwMDAwMDAwMCwidXBkYXRlIjoxODAwMDAwMDAwMDAwfX0=",
          "dependencies": [
            "azurerm_resource_group.rg",
            "module.network.azurerm_virtual_network.vnet"
          ]
        }
      ]
    },
    {
      "module": "module.network",
      "mode": "managed",
      "type": "azurerm_subnet",
      "name": "jumpbox_subnet",
      "provider": "provider[\"registry.terraform.io/hashicorp/azurerm\"]",
      "instances": [
        {
          "schema_version": 0,
          "attributes": {
            "address_prefixes": [
              "10.9.0.0/24"
            ],
            "delegation": [],
            "enforce_private_link_endpoint_network_policies": false,
            "enforce_private_link_service_network_policies": false,
            "id": "/subscriptions/f5cdbf92-abd6-4e78-ad23-e0593e9536e6/resourceGroups/ntier-iaas-rg/providers/Microsoft.Network/virtualNetworks/ntier-iaas-vnet/subnets/ntier-iaas-JumpboxSubnet",
            "name": "ntier-iaas-JumpboxSubnet",
            "private_endpoint_network_policies_enabled": true,
            "private_link_service_network_policies_enabled": true,
            "resource_group_name": "ntier-iaas-rg",
            "service_endpoint_policy_ids": [],
            "service_endpoints": [],
            "timeouts": null,
            "virtual_network_name": "ntier-iaas-vnet"
          },
          "sensitive_attributes": [],
          "private": "eyJlMmJmYjczMC1lY2FhLTExZTYtOGY4OC0zNDM2M2JjN2M0YzAiOnsiY3JlYXRlIjoxODAwMDAwMDAwMDAwLCJkZWxldGUiOjE4MDAwMDAwMDAwMDAsInJlYWQiOjMwMDAwMDAwMDAwMCwidXBkYXRlIjoxODAwMDAwMDAwMDAwfX0=",
          "dependencies": [
            "azurerm_resource_group.rg",
            "module.network.azurerm_virtual_network.vnet"
          ]
        }
      ]
    },
    {
      "module": "module.network",
      "mode": "managed",
      "type": "azurerm_subnet",
      "name": "web_subnet",
      "provider": "provider[\"registry.terraform.io/hashicorp/azurerm\"]",
      "instances": [
        {
          "schema_version": 0,
          "attributes": {
            "address_prefixes": [
              "10.9.2.0/24"
            ],
            "delegation": [],
            "enforce_private_link_endpoint_network_policies": false,
            "enforce_private_link_service_network_policies": false,
            "id": "/subscriptions/f5cdbf92-abd6-4e78-ad23-e0593e9536e6/resourceGroups/ntier-iaas-rg/providers/Microsoft.Network/virtualNetworks/ntier-iaas-vnet/subnets/ntier-iaas-WebSubnet",
            "name": "ntier-iaas-WebSubnet",
            "private_endpoint_network_policies_enabled": true,
            "private_link_service_network_policies_enabled": true,
            "resource_group_name": "ntier-iaas-rg",
            "service_endpoint_policy_ids": [],
            "service_endpoints": [],
            "timeouts": null,
            "virtual_network_name": "ntier-iaas-vnet"
          },
          "sensitive_attributes": [],
          "private": "eyJlMmJmYjczMC1lY2FhLTExZTYtOGY4OC0zNDM2M2JjN2M0YzAiOnsiY3JlYXRlIjoxODAwMDAwMDAwMDAwLCJkZWxldGUiOjE4MDAwMDAwMDAwMDAsInJlYWQiOjMwMDAwMDAwMDAwMCwidXBkYXRlIjoxODAwMDAwMDAwMDAwfX0=",
          "dependencies": [
            "azurerm_resource_group.rg",
            "module.network.azurerm_virtual_network.vnet"
          ]
        }
      ]
    },
    {
      "module": "module.network",
      "mode": "managed",
      "type": "azurerm_subnet_network_security_group_association",
      "name": "appgw_assoc",
      "provider": "provider[\"registry.terraform.io/hashicorp/azurerm\"]",
      "instances": [
        {
          "schema_version": 0,
          "attributes": {
            "id": "/subscriptions/f5cdbf92-abd6-4e78-ad23-e0593e9536e6/resourceGroups/ntier-iaas-rg/providers/Microsoft.Network/virtualNetworks/ntier-iaas-vnet/subnets/ApplicationGatewaySubnet",
            "network_security_group_id": "/subscriptions/f5cdbf92-abd6-4e78-ad23-e0593e9536e6/resourceGroups/ntier-iaas-rg/providers/Microsoft.Network/networkSecurityGroups/ntier-iaas-appgw-nsg",
            "subnet_id": "/subscriptions/f5cdbf92-abd6-4e78-ad23-e0593e9536e6/resourceGroups/ntier-iaas-rg/providers/Microsoft.Network/virtualNetworks/ntier-iaas-vnet/subnets/ApplicationGatewaySubnet",
            "timeouts": null
          },
          "sensitive_attributes": [],
          "private": "eyJlMmJmYjczMC1lY2FhLTExZTYtOGY4OC0zNDM2M2JjN2M0YzAiOnsiY3JlYXRlIjoxODAwMDAwMDAwMDAwLCJkZWxldGUiOjE4MDAwMDAwMDAwMDAsInJlYWQiOjMwMDAwMDAwMDAwMCwidXBkYXRlIjoxODAwMDAwMDAwMDAwfX0=",
          "dependencies": [
            "azurerm_resource_group.rg",
            "module.network.azurerm_network_security_group.appgw_nsg",
            "module.network.azurerm_subnet.appgw_subnet",
            "module.network.azurerm_virtual_network.vnet"
          ]
        }
      ]
    },
    {
      "module": "module.network",
      "mode": "managed",
      "type": "azurerm_subnet_network_security_group_association",
      "name": "business_assoc",
      "provider": "provider[\"registry.terraform.io/hashicorp/azurerm\"]",
      "instances": [
        {
          "schema_version": 0,
          "attributes": {
            "id": "/subscriptions/f5cdbf92-abd6-4e78-ad23-e0593e9536e6/resourceGroups/ntier-iaas-rg/providers/Microsoft.Network/virtualNetworks/ntier-iaas-vnet/subnets/ntier-iaas-BusinessSubnet",
            "network_security_group_id": "/subscriptions/f5cdbf92-abd6-4e78-ad23-e0593e9536e6/resourceGroups/ntier-iaas-rg/providers/Microsoft.Network/networkSecurityGroups/ntier-iaas-business-nsg",
            "subnet_id": "/subscriptions/f5cdbf92-abd6-4e78-ad23-e0593e9536e6/resourceGroups/ntier-iaas-rg/providers/Microsoft.Network/virtualNetworks/ntier-iaas-vnet/subnets/ntier-iaas-BusinessSubnet",
            "timeouts": null
          },
          "sensitive_attributes": [],
          "private": "eyJlMmJmYjczMC1lY2FhLTExZTYtOGY4OC0zNDM2M2JjN2M0YzAiOnsiY3JlYXRlIjoxODAwMDAwMDAwMDAwLCJkZWxldGUiOjE4MDAwMDAwMDAwMDAsInJlYWQiOjMwMDAwMDAwMDAwMCwidXBkYXRlIjoxODAwMDAwMDAwMDAwfX0=",
          "dependencies": [
            "azurerm_resource_group.rg",
            "module.network.azurerm_network_security_group.business_nsg",
            "module.network.azurerm_subnet.business_subnet",
            "module.network.azurerm_virtual_network.vnet"
          ]
        }
      ]
    },
    {
      "module": "module.network",
      "mode": "managed",
      "type": "azurerm_subnet_network_security_group_association",
      "name": "data_assoc",
      "provider": "provider[\"registry.terraform.io/hashicorp/azurerm\"]",
      "instances": [
        {
          "schema_version": 0,
          "attributes": {
            "id": "/subscriptions/f5cdbf92-abd6-4e78-ad23-e0593e9536e6/resourceGroups/ntier-iaas-rg/providers/Microsoft.Network/virtualNetworks/ntier-iaas-vnet/subnets/ntier-iaas-DataSubnet",
            "network_security_group_id": "/subscriptions/f5cdbf92-abd6-4e78-ad23-e0593e9536e6/resourceGroups/ntier-iaas-rg/providers/Microsoft.Network/networkSecurityGroups/ntier-iaas-data-nsg",
            "subnet_id": "/subscriptions/f5cdbf92-abd6-4e78-ad23-e0593e9536e6/resourceGroups/ntier-iaas-rg/providers/Microsoft.Network/virtualNetworks/ntier-iaas-vnet/subnets/ntier-iaas-DataSubnet",
            "timeouts": null
          },
          "sensitive_attributes": [],
          "private": "eyJlMmJmYjczMC1lY2FhLTExZTYtOGY4OC0zNDM2M2JjN2M0YzAiOnsiY3JlYXRlIjoxODAwMDAwMDAwMDAwLCJkZWxldGUiOjE4MDAwMDAwMDAwMDAsInJlYWQiOjMwMDAwMDAwMDAwMCwidXBkYXRlIjoxODAwMDAwMDAwMDAwfX0=",
          "dependencies": [
            "azurerm_resource_group.rg",
            "module.network.azurerm_network_security_group.data_nsg",
            "module.network.azurerm_subnet.data_subnet",
            "module.network.azurerm_virtual_network.vnet"
          ]
        }
      ]
    },
    {
      "module": "module.network",
      "mode": "managed",
      "type": "azurerm_subnet_network_security_group_association",
      "name": "jumpbox_assoc",
      "provider": "provider[\"registry.terraform.io/hashicorp/azurerm\"]",
      "instances": [
        {
          "schema_version": 0,
          "attributes": {
            "id": "/subscriptions/f5cdbf92-abd6-4e78-ad23-e0593e9536e6/resourceGroups/ntier-iaas-rg/providers/Microsoft.Network/virtualNetworks/ntier-iaas-vnet/subnets/ntier-iaas-JumpboxSubnet",
            "network_security_group_id": "/subscriptions/f5cdbf92-abd6-4e78-ad23-e0593e9536e6/resourceGroups/ntier-iaas-rg/providers/Microsoft.Network/networkSecurityGroups/ntier-iaas-jumpbox-nsg",
            "subnet_id": "/subscriptions/f5cdbf92-abd6-4e78-ad23-e0593e9536e6/resourceGroups/ntier-iaas-rg/providers/Microsoft.Network/virtualNetworks/ntier-iaas-vnet/subnets/ntier-iaas-JumpboxSubnet",
            "timeouts": null
          },
          "sensitive_attributes": [],
          "private": "eyJlMmJmYjczMC1lY2FhLTExZTYtOGY4OC0zNDM2M2JjN2M0YzAiOnsiY3JlYXRlIjoxODAwMDAwMDAwMDAwLCJkZWxldGUiOjE4MDAwMDAwMDAwMDAsInJlYWQiOjMwMDAwMDAwMDAwMCwidXBkYXRlIjoxODAwMDAwMDAwMDAwfX0=",
          "dependencies": [
            "azurerm_resource_group.rg",
            "module.network.azurerm_network_security_group.jumpbox_nsg",
            "module.network.azurerm_subnet.jumpbox_subnet",
            "module.network.azurerm_virtual_network.vnet"
          ]
        }
      ]
    },
    {
      "module": "module.network",
      "mode": "managed",
      "type": "azurerm_subnet_network_security_group_association",
      "name": "web_assoc",
      "provider": "provider[\"registry.terraform.io/hashicorp/azurerm\"]",
      "instances": [
        {
          "schema_version": 0,
          "attributes": {
            "id": "/subscriptions/f5cdbf92-abd6-4e78-ad23-e0593e9536e6/resourceGroups/ntier-iaas-rg/providers/Microsoft.Network/virtualNetworks/ntier-iaas-vnet/subnets/ntier-iaas-WebSubnet",
            "network_security_group_id": "/subscriptions/f5cdbf92-abd6-4e78-ad23-e0593e9536e6/resourceGroups/ntier-iaas-rg/providers/Microsoft.Network/networkSecurityGroups/ntier-iaas-web-nsg",
            "subnet_id": "/subscriptions/f5cdbf92-abd6-4e78-ad23-e0593e9536e6/resourceGroups/ntier-iaas-rg/providers/Microsoft.Network/virtualNetworks/ntier-iaas-vnet/subnets/ntier-iaas-WebSubnet",
            "timeouts": null
          },
          "sensitive_attributes": [],
          "private": "eyJlMmJmYjczMC1lY2FhLTExZTYtOGY4OC0zNDM2M2JjN2M0YzAiOnsiY3JlYXRlIjoxODAwMDAwMDAwMDAwLCJkZWxldGUiOjE4MDAwMDAwMDAwMDAsInJlYWQiOjMwMDAwMDAwMDAwMCwidXBkYXRlIjoxODAwMDAwMDAwMDAwfX0=",
          "dependencies": [
            "azurerm_resource_group.rg",
            "module.network.azurerm_network_security_group.web_nsg",
            "module.network.azurerm_subnet.web_subnet",
            "module.network.azurerm_virtual_network.vnet"
          ]
        }
      ]
    },
    {
      "module": "module.network",
      "mode": "managed",
      "type": "azurerm_virtual_network",
      "name": "vnet",
      "provider": "provider[\"registry.terraform.io/hashicorp/azurerm\"]",
      "instances": [
        {
          "schema_version": 0,
          "attributes": {
            "address_space": [
              "10.9.0.0/16"
            ],
            "bgp_community": "",
            "ddos_protection_plan": [],
            "dns_servers": [],
            "edge_zone": "",
            "flow_timeout_in_minutes": 0,
            "guid": "4069b1da-d9dc-4771-9f54-8a2e04bee0c5",
            "id": "/subscriptions/f5cdbf92-abd6-4e78-ad23-e0593e9536e6/resourceGroups/ntier-iaas-rg/providers/Microsoft.Network/virtualNetworks/ntier-iaas-vnet",
            "location": "westus2",
            "name": "ntier-iaas-vnet",
            "resource_group_name": "ntier-iaas-rg",
            "subnet": [
              {
                "address_prefix": "10.9.0.0/24",
                "id": "/subscriptions/f5cdbf92-abd6-4e78-ad23-e0593e9536e6/resourceGroups/ntier-iaas-rg/providers/Microsoft.Network/virtualNetworks/ntier-iaas-vnet/subnets/ntier-iaas-JumpboxSubnet",
                "name": "ntier-iaas-JumpboxSubnet",
                "security_group": "/subscriptions/f5cdbf92-abd6-4e78-ad23-e0593e9536e6/resourceGroups/ntier-iaas-rg/providers/Microsoft.Network/networkSecurityGroups/ntier-iaas-jumpbox-nsg"
              },
              {
                "address_prefix": "10.9.1.0/24",
                "id": "/subscriptions/f5cdbf92-abd6-4e78-ad23-e0593e9536e6/resourceGroups/ntier-iaas-rg/providers/Microsoft.Network/virtualNetworks/ntier-iaas-vnet/subnets/ApplicationGatewaySubnet",
                "name": "ApplicationGatewaySubnet",
                "security_group": "/subscriptions/f5cdbf92-abd6-4e78-ad23-e0593e9536e6/resourceGroups/ntier-iaas-rg/providers/Microsoft.Network/networkSecurityGroups/ntier-iaas-appgw-nsg"
              },
              {
                "address_prefix": "10.9.2.0/24",
                "id": "/subscriptions/f5cdbf92-abd6-4e78-ad23-e0593e9536e6/resourceGroups/ntier-iaas-rg/providers/Microsoft.Network/virtualNetworks/ntier-iaas-vnet/subnets/ntier-iaas-WebSubnet",
                "name": "ntier-iaas-WebSubnet",
                "security_group": "/subscriptions/f5cdbf92-abd6-4e78-ad23-e0593e9536e6/resourceGroups/ntier-iaas-rg/providers/Microsoft.Network/networkSecurityGroups/ntier-iaas-web-nsg"
              },
              {
                "address_prefix": "10.9.3.0/24",
                "id": "/subscriptions/f5cdbf92-abd6-4e78-ad23-e0593e9536e6/resourceGroups/ntier-iaas-rg/providers/Microsoft.Network/virtualNetworks/ntier-iaas-vnet/subnets/ntier-iaas-BusinessSubnet",
                "name": "ntier-iaas-BusinessSubnet",
                "security_group": "/subscriptions/f5cdbf92-abd6-4e78-ad23-e0593e9536e6/resourceGroups/ntier-iaas-rg/providers/Microsoft.Network/networkSecurityGroups/ntier-iaas-business-nsg"
              },
              {
                "address_prefix": "10.9.4.0/24",
                "id": "/subscriptions/f5cdbf92-abd6-4e78-ad23-e0593e9536e6/resourceGroups/ntier-iaas-rg/providers/Microsoft.Network/virtualNetworks/ntier-iaas-vnet/subnets/ntier-iaas-DataSubnet",
                "name": "ntier-iaas-DataSubnet",
                "security_group": "/subscriptions/f5cdbf92-abd6-4e78-ad23-e0593e9536e6/resourceGroups/ntier-iaas-rg/providers/Microsoft.Network/networkSecurityGroups/ntier-iaas-data-nsg"
              }
            ],
            "tags": {},
            "timeouts": null
          },
          "sensitive_attributes": [],
          "private": "eyJlMmJmYjczMC1lY2FhLTExZTYtOGY4OC0zNDM2M2JjN2M0YzAiOnsiY3JlYXRlIjoxODAwMDAwMDAwMDAwLCJkZWxldGUiOjE4MDAwMDAwMDAwMDAsInJlYWQiOjMwMDAwMDAwMDAwMCwidXBkYXRlIjoxODAwMDAwMDAwMDAwfX0=",
          "dependencies": [
            "azurerm_resource_group.rg"
          ]
        }
      ]
    },
    {
      "module": "module.web_tier",
      "mode": "managed",
      "type": "azurerm_application_gateway",
      "name": "appgw",
      "provider": "provider[\"registry.terraform.io/hashicorp/azurerm\"]",
      "instances": [
        {
          "schema_version": 0,
          "attributes": {
            "authentication_certificate": [],
            "autoscale_configuration": [],
            "backend_address_pool": [
              {
                "fqdns": [],
                "id": "/subscriptions/f5cdbf92-abd6-4e78-ad23-e0593e9536e6/resourceGroups/ntier-iaas-rg/providers/Microsoft.Network/applicationGateways/ntier-iaas-appgw/backendAddressPools/myBackendPool",
                "ip_addresses": [],
                "name": "myBackendPool"
              }
            ],
            "backend_http_settings": [
              {
                "affinity_cookie_name": "",
                "authentication_certificate": [],
                "connection_draining": [],
                "cookie_based_affinity": "Disabled",
                "host_name": "",
                "id": "/subscriptions/f5cdbf92-abd6-4e78-ad23-e0593e9536e6/resourceGroups/ntier-iaas-rg/providers/Microsoft.Network/applicationGateways/ntier-iaas-appgw/backendHttpSettingsCollection/myHTTPsetting",
                "name": "myHTTPsetting",
                "path": "",
                "pick_host_name_from_backend_address": false,
                "port": 80,
                "probe_id": "",
                "probe_name": "",
                "protocol": "Http",
                "request_timeout": 60,
                "trusted_root_certificate_names": []
              }
            ],
            "custom_error_configuration": [],
            "enable_http2": false,
            "fips_enabled": false,
            "firewall_policy_id": "",
            "force_firewall_policy_association": false,
            "frontend_ip_configuration": [
              {
                "id": "/subscriptions/f5cdbf92-abd6-4e78-ad23-e0593e9536e6/resourceGroups/ntier-iaas-rg/providers/Microsoft.Network/applicationGateways/ntier-iaas-appgw/frontendIPConfigurations/myAGIPConfig",
                "name": "myAGIPConfig",
                "private_ip_address": "",
                "private_ip_address_allocation": "Dynamic",
                "private_link_configuration_id": "",
                "private_link_configuration_name": "",
                "public_ip_address_id": "/subscriptions/f5cdbf92-abd6-4e78-ad23-e0593e9536e6/resourceGroups/ntier-iaas-rg/providers/Microsoft.Network/publicIPAddresses/ntier-iaas-appgw-pip",
                "subnet_id": ""
              }
            ],
            "frontend_port": [
              {
                "id": "/subscriptions/f5cdbf92-abd6-4e78-ad23-e0593e9536e6/resourceGroups/ntier-iaas-rg/providers/Microsoft.Network/applicationGateways/ntier-iaas-appgw/frontendPorts/myFrontendPort",
                "name": "myFrontendPort",
                "port": 80
              }
            ],
            "gateway_ip_configuration": [
              {
                "id": "/subscriptions/f5cdbf92-abd6-4e78-ad23-e0593e9536e6/resourceGroups/ntier-iaas-rg/providers/Microsoft.Network/applicationGateways/ntier-iaas-appgw/gatewayIPConfigurations/ntier-iaas-appgw-ipconfig",
                "name": "ntier-iaas-appgw-ipconfig",
                "subnet_id": "/subscriptions/f5cdbf92-abd6-4e78-ad23-e0593e9536e6/resourceGroups/ntier-iaas-rg/providers/Microsoft.Network/virtualNetworks/ntier-iaas-vnet/subnets/ApplicationGatewaySubnet"
              }
            ],
            "global": [],
            "http_listener": [
              {
                "custom_error_configuration": [],
                "firewall_policy_id": "",
                "frontend_ip_configuration_id": "/subscriptions/f5cdbf92-abd6-4e78-ad23-e0593e9536e6/resourceGroups/ntier-iaas-rg/providers/Microsoft.Network/applicationGateways/ntier-iaas-appgw/frontendIPConfigurations/myAGIPConfig",
                "frontend_ip_configuration_name": "myAGIPConfig",
                "frontend_port_id": "/subscriptions/f5cdbf92-abd6-4e78-ad23-e0593e9536e6/resourceGroups/ntier-iaas-rg/providers/Microsoft.Network/applicationGateways/ntier-iaas-appgw/frontendPorts/myFrontendPort",
                "frontend_port_name": "myFrontendPort",
                "host_name": "",
                "host_names": [],
                "id": "/subscriptions/f5cdbf92-abd6-4e78-ad23-e0593e9536e6/resourceGroups/ntier-iaas-rg/providers/Microsoft.Network/applicationGateways/ntier-iaas-appgw/httpListeners/myListener",
                "name": "myListener",
                "protocol": "Http",
                "require_sni": false,
                "ssl_certificate_id": "",
                "ssl_certificate_name": "",
                "ssl_profile_id": "",
                "ssl_profile_name": ""
              }
            ],
            "id": "/subscriptions/f5cdbf92-abd6-4e78-ad23-e0593e9536e6/resourceGroups/ntier-iaas-rg/providers/Microsoft.Network/applicationGateways/ntier-iaas-appgw",
            "identity": [],
            "location": "westus2",
            "name": "ntier-iaas-appgw",
            "private_endpoint_connection": [],
            "private_link_configuration": [],
            "probe": [],
            "redirect_configuration": [],
            "request_routing_rule": [
              {
                "backend_address_pool_id": "/subscriptions/f5cdbf92-abd6-4e78-ad23-e0593e9536e6/resourceGroups/ntier-iaas-rg/providers/Microsoft.Network/applicationGateways/ntier-iaas-appgw/backendAddressPools/myBackendPool",
                "backend_address_pool_name": "myBackendPool",
                "backend_http_settings_id": "/subscriptions/f5cdbf92-abd6-4e78-ad23-e0593e9536e6/resourceGroups/ntier-iaas-rg/providers/Microsoft.Network/applicationGateways/ntier-iaas-appgw/backendHttpSettingsCollection/myHTTPsetting",
                "backend_http_settings_name": "myHTTPsetting",
                "http_listener_id": "/subscriptions/f5cdbf92-abd6-4e78-ad23-e0593e9536e6/resourceGroups/ntier-iaas-rg/providers/Microsoft.Network/applicationGateways/ntier-iaas-appgw/httpListeners/myListener",
                "http_listener_name": "myListener",
                "id": "/subscriptions/f5cdbf92-abd6-4e78-ad23-e0593e9536e6/resourceGroups/ntier-iaas-rg/providers/Microsoft.Network/applicationGateways/ntier-iaas-appgw/requestRoutingRules/myRoutingRule",
                "name": "myRoutingRule",
                "priority": 1,
                "redirect_configuration_id": "",
                "redirect_configuration_name": "",
                "rewrite_rule_set_id": "",
                "rewrite_rule_set_name": "",
                "rule_type": "Basic",
                "url_path_map_id": "",
                "url_path_map_name": ""
              }
            ],
            "resource_group_name": "ntier-iaas-rg",
            "rewrite_rule_set": [],
            "sku": [
              {
                "capacity": 1,
                "name": "Standard_v2",
                "tier": "Standard_v2"
              }
            ],
            "ssl_certificate": [],
            "ssl_policy": [
              {
                "cipher_suites": [],
                "disabled_protocols": [],
                "min_protocol_version": "",
                "policy_name": "AppGwSslPolicy20150501",
                "policy_type": "Predefined"
              }
            ],
            "ssl_profile": [],
            "tags": {},
            "timeouts": null,
            "trusted_client_certificate": [],
            "trusted_root_certificate": [],
            "url_path_map": [],
            "waf_configuration": [],
            "zones": []
          },
          "sensitive_attributes": [],
          "private": "eyJlMmJmYjczMC1lY2FhLTExZTYtOGY4OC0zNDM2M2JjN2M0YzAiOnsiY3JlYXRlIjo1NDAwMDAwMDAwMDAwLCJkZWxldGUiOjU0MDAwMDAwMDAwMDAsInJlYWQiOjMwMDAwMDAwMDAwMCwidXBkYXRlIjo1NDAwMDAwMDAwMDAwfX0=",
          "dependencies": [
            "azurerm_resource_group.rg",
            "module.network.azurerm_subnet.appgw_subnet",
            "module.network.azurerm_virtual_network.vnet",
            "module.web_tier.azurerm_public_ip.appgw_pip"
          ]
        }
      ]
    },
    {
      "module": "module.web_tier",
      "mode": "managed",
      "type": "azurerm_linux_virtual_machine_scale_set",
      "name": "web_vmss",
      "provider": "provider[\"registry.terraform.io/hashicorp/azurerm\"]",
      "instances": [
        {
          "schema_version": 0,
          "attributes": {
            "additional_capabilities": [],
            "admin_password": "ZAQ!XSW@cde3",
            "admin_ssh_key": [],
            "admin_username": "azureuser",
            "automatic_instance_repair": [
              {
                "enabled": false,
                "grace_period": "PT30M"
              }
            ],
            "automatic_os_upgrade_policy": [],
            "boot_diagnostics": [],
            "capacity_reservation_group_id": "",
            "computer_name_prefix": "ntier-iaas-web-vmss",
            "custom_data": null,
            "data_disk": [],
            "disable_password_authentication": false,
            "do_not_run_extensions_on_overprovisioned_machines": false,
            "edge_zone": "",
            "encryption_at_host_enabled": false,
            "eviction_policy": "",
            "extension": [],
            "extension_operations_enabled": true,
            "extensions_time_budget": "PT1H30M",
            "gallery_application": [],
            "gallery_applications": [],
            "health_probe_id": "",
            "host_group_id": null,
            "id": "/subscriptions/f5cdbf92-abd6-4e78-ad23-e0593e9536e6/resourceGroups/ntier-iaas-rg/providers/Microsoft.Compute/virtualMachineScaleSets/ntier-iaas-web-vmss",
            "identity": [],
            "instances": 1,
            "location": "westus2",
            "max_bid_price": -1,
            "name": "ntier-iaas-web-vmss",
            "network_interface": [
              {
                "dns_servers": [],
                "enable_accelerated_networking": false,
                "enable_ip_forwarding": false,
                "ip_configuration": [
                  {
                    "application_gateway_backend_address_pool_ids": [
                      "/subscriptions/f5cdbf92-abd6-4e78-ad23-e0593e9536e6/resourceGroups/ntier-iaas-rg/providers/Microsoft.Network/applicationGateways/ntier-iaas-appgw/backendAddressPools/myBackendPool"
                    ],
                    "application_security_group_ids": [],
                    "load_balancer_backend_address_pool_ids": [],
                    "load_balancer_inbound_nat_rules_ids": [],
                    "name": "internal",
                    "primary": true,
                    "public_ip_address": [],
                    "subnet_id": "/subscriptions/f5cdbf92-abd6-4e78-ad23-e0593e9536e6/resourceGroups/ntier-iaas-rg/providers/Microsoft.Network/virtualNetworks/ntier-iaas-vnet/subnets/ntier-iaas-WebSubnet",
                    "version": "IPv4"
                  }
                ],
                "name": "web-vmss-nic",
                "network_security_group_id": "/subscriptions/f5cdbf92-abd6-4e78-ad23-e0593e9536e6/resourceGroups/ntier-iaas-rg/providers/Microsoft.Network/networkSecurityGroups/ntier-iaas-web-nsg",
                "primary": true
              }
            ],
            "os_disk": [
              {
                "caching": "ReadWrite",
                "diff_disk_settings": [],
                "disk_encryption_set_id": "",
                "disk_size_gb": 30,
                "secure_vm_disk_encryption_set_id": "",
                "security_encryption_type": "",
                "storage_account_type": "Standard_LRS",
                "write_accelerator_enabled": false
              }
            ],
            "overprovision": true,
            "plan": [],
            "platform_fault_domain_count": 5,
            "priority": "Regular",
            "provision_vm_agent": true,
            "proximity_placement_group_id": "",
            "resource_group_name": "ntier-iaas-rg",
            "rolling_upgrade_policy": [],
            "scale_in": [
              {
                "force_deletion_enabled": false,
                "rule": "Default"
              }
            ],
            "scale_in_policy": "Default",
            "secret": [],
            "secure_boot_enabled": false,
            "single_placement_group": true,
            "sku": "Standard_F2",
            "source_image_id": "",
            "source_image_reference": [
              {
                "offer": "0001-com-ubuntu-server-focal",
                "publisher": "Canonical",
                "sku": "20_04-lts",
                "version": "latest"
              }
            ],
            "spot_restore": [],
            "tags": {},
            "terminate_notification": [],
            "termination_notification": [],
            "timeouts": null,
            "unique_id": "309276f7-f871-4d08-a8fe-3eae73373656",
            "upgrade_mode": "Manual",
            "user_data": "",
            "vtpm_enabled": false,
            "zone_balance": true,
            "zones": [
              "1",
              "2",
              "3"
            ]
          },
          "sensitive_attributes": [],
          "private": "eyJlMmJmYjczMC1lY2FhLTExZTYtOGY4OC0zNDM2M2JjN2M0YzAiOnsiY3JlYXRlIjozNjAwMDAwMDAwMDAwLCJkZWxldGUiOjM2MDAwMDAwMDAwMDAsInJlYWQiOjMwMDAwMDAwMDAwMCwidXBkYXRlIjozNjAwMDAwMDAwMDAwfX0=",
          "dependencies": [
            "azurerm_resource_group.rg",
            "module.network.azurerm_network_security_group.web_nsg",
            "module.network.azurerm_subnet.appgw_subnet",
            "module.network.azurerm_subnet.web_subnet",
            "module.network.azurerm_virtual_network.vnet",
            "module.web_tier.azurerm_application_gateway.appgw",
            "module.web_tier.azurerm_public_ip.appgw_pip"
          ]
        }
      ]
    },
    {
      "module": "module.web_tier",
      "mode": "managed",
      "type": "azurerm_monitor_autoscale_setting",
      "name": "web_scale_rule",
      "provider": "provider[\"registry.terraform.io/hashicorp/azurerm\"]",
      "instances": [
        {
          "schema_version": 2,
          "attributes": {
            "enabled": true,
            "id": "/subscriptions/f5cdbf92-abd6-4e78-ad23-e0593e9536e6/resourceGroups/ntier-iaas-rg/providers/Microsoft.Insights/autoScaleSettings/ntier-iaas-web-autoscale-config",
            "location": "westus2",
            "name": "ntier-iaas-web-autoscale-config",
            "notification": [],
            "predictive": [],
            "profile": [
              {
                "capacity": [
                  {
                    "default": 2,
                    "maximum": 5,
                    "minimum": 1
                  }
                ],
                "fixed_date": [],
                "name": "WebAutoScale",
                "recurrence": [],
                "rule": [
                  {
                    "metric_trigger": [
                      {
                        "dimensions": [],
                        "divide_by_instance_count": false,
                        "metric_name": "Percentage CPU",
                        "metric_namespace": "",
                        "metric_resource_id": "/subscriptions/f5cdbf92-abd6-4e78-ad23-e0593e9536e6/resourceGroups/ntier-iaas-rg/providers/Microsoft.Compute/virtualMachineScaleSets/ntier-iaas-web-vmss",
                        "operator": "GreaterThan",
                        "statistic": "Average",
                        "threshold": 80,
                        "time_aggregation": "Average",
                        "time_grain": "PT1M",
                        "time_window": "PT5M"
                      }
                    ],
                    "scale_action": [
                      {
                        "cooldown": "PT1M",
                        "direction": "Increase",
                        "type": "ChangeCount",
                        "value": 1
                      }
                    ]
                  },
                  {
                    "metric_trigger": [
                      {
                        "dimensions": [],
                        "divide_by_instance_count": false,
                        "metric_name": "Percentage CPU",
                        "metric_namespace": "",
                        "metric_resource_id": "/subscriptions/f5cdbf92-abd6-4e78-ad23-e0593e9536e6/resourceGroups/ntier-iaas-rg/providers/Microsoft.Compute/virtualMachineScaleSets/ntier-iaas-web-vmss",
                        "operator": "LessThan",
                        "statistic": "Average",
                        "threshold": 20,
                        "time_aggregation": "Average",
                        "time_grain": "PT1M",
                        "time_window": "PT5M"
                      }
                    ],
                    "scale_action": [
                      {
                        "cooldown": "PT1M",
                        "direction": "Decrease",
                        "type": "ChangeCount",
                        "value": 1
                      }
                    ]
                  }
                ]
              }
            ],
            "resource_group_name": "ntier-iaas-rg",
            "tags": {},
            "target_resource_id": "/subscriptions/f5cdbf92-abd6-4e78-ad23-e0593e9536e6/resourceGroups/ntier-iaas-rg/providers/Microsoft.Compute/virtualMachineScaleSets/ntier-iaas-web-vmss",
            "timeouts": null
          },
          "sensitive_attributes": [],
          "private": "eyJlMmJmYjczMC1lY2FhLTExZTYtOGY4OC0zNDM2M2JjN2M0YzAiOnsiY3JlYXRlIjoxODAwMDAwMDAwMDAwLCJkZWxldGUiOjE4MDAwMDAwMDAwMDAsInJlYWQiOjMwMDAwMDAwMDAwMCwidXBkYXRlIjoxODAwMDAwMDAwMDAwfSwic2NoZW1hX3ZlcnNpb24iOiIyIn0=",
          "dependencies": [
            "azurerm_resource_group.rg",
            "module.network.azurerm_network_security_group.web_nsg",
            "module.network.azurerm_subnet.appgw_subnet",
            "module.network.azurerm_subnet.web_subnet",
            "module.network.azurerm_virtual_network.vnet",
            "module.web_tier.azurerm_application_gateway.appgw",
            "module.web_tier.azurerm_linux_virtual_machine_scale_set.web_vmss",
            "module.web_tier.azurerm_public_ip.appgw_pip"
          ]
        }
      ]
    },
    {
      "module": "module.web_tier",
      "mode": "managed",
      "type": "azurerm_public_ip",
      "name": "appgw_pip",
      "provider": "provider[\"registry.terraform.io/hashicorp/azurerm\"]",
      "instances": [
        {
          "schema_version": 0,
          "attributes": {
            "allocation_method": "Static",
            "ddos_protection_mode": "VirtualNetworkInherited",
            "ddos_protection_plan_id": null,
            "domain_name_label": null,
            "edge_zone": "",
            "fqdn": null,
            "id": "/subscriptions/f5cdbf92-abd6-4e78-ad23-e0593e9536e6/resourceGroups/ntier-iaas-rg/providers/Microsoft.Network/publicIPAddresses/ntier-iaas-appgw-pip",
            "idle_timeout_in_minutes": 4,
            "ip_address": "20.236.3.0",
            "ip_tags": {},
            "ip_version": "IPv4",
            "location": "westus2",
            "name": "ntier-iaas-appgw-pip",
            "public_ip_prefix_id": null,
            "resource_group_name": "ntier-iaas-rg",
            "reverse_fqdn": null,
            "sku": "Standard",
            "sku_tier": "Regional",
            "tags": {},
            "timeouts": null,
            "zones": []
          },
          "sensitive_attributes": [],
          "private": "eyJlMmJmYjczMC1lY2FhLTExZTYtOGY4OC0zNDM2M2JjN2M0YzAiOnsiY3JlYXRlIjoxODAwMDAwMDAwMDAwLCJkZWxldGUiOjE4MDAwMDAwMDAwMDAsInJlYWQiOjMwMDAwMDAwMDAwMCwidXBkYXRlIjoxODAwMDAwMDAwMDAwfX0=",
          "dependencies": [
            "azurerm_resource_group.rg"
          ]
        }
      ]
    }
  ],
  "check_results": null
}
